// !$*UTF8*$!
{
	archiveVersion = 1;
	classes = {
	};
	objectVersion = 50;
	objects = {

/* Begin PBXBuildFile section */
		3E24D582F42F8CFE874F3431 /* Pods_TimeTableProject.framework in Frameworks */ = {isa = PBXBuildFile; fileRef = 977B8237628C039908CC0ACD /* Pods_TimeTableProject.framework */; };
		AF0EB763220ABDC500DFAFC0 /* AppDelegate.swift in Sources */ = {isa = PBXBuildFile; fileRef = AF0EB762220ABDC500DFAFC0 /* AppDelegate.swift */; };
		AF0EB765220ABDC500DFAFC0 /* TimeTableViewController.swift in Sources */ = {isa = PBXBuildFile; fileRef = AF0EB764220ABDC500DFAFC0 /* TimeTableViewController.swift */; };
		AF0EB768220ABDC500DFAFC0 /* Main.storyboard in Resources */ = {isa = PBXBuildFile; fileRef = AF0EB766220ABDC500DFAFC0 /* Main.storyboard */; };
		AF0EB76B220ABDC500DFAFC0 /* TimeTableProject.xcdatamodeld in Sources */ = {isa = PBXBuildFile; fileRef = AF0EB769220ABDC500DFAFC0 /* TimeTableProject.xcdatamodeld */; };
		AF0EB76D220ABDC600DFAFC0 /* Assets.xcassets in Resources */ = {isa = PBXBuildFile; fileRef = AF0EB76C220ABDC600DFAFC0 /* Assets.xcassets */; };
		AF0EB770220ABDC600DFAFC0 /* LaunchScreen.storyboard in Resources */ = {isa = PBXBuildFile; fileRef = AF0EB76E220ABDC600DFAFC0 /* LaunchScreen.storyboard */; };
/* End PBXBuildFile section */

/* Begin PBXFileReference section */
		3599A1067F224CA440B432FE /* Pods-TimeTableProject.debug.xcconfig */ = {isa = PBXFileReference; includeInIndex = 1; lastKnownFileType = text.xcconfig; name = "Pods-TimeTableProject.debug.xcconfig"; path = "Pods/Target Support Files/Pods-TimeTableProject/Pods-TimeTableProject.debug.xcconfig"; sourceTree = "<group>"; };
		765A43C3F8AF8CD57807691B /* Pods-TimeTableProject.release.xcconfig */ = {isa = PBXFileReference; includeInIndex = 1; lastKnownFileType = text.xcconfig; name = "Pods-TimeTableProject.release.xcconfig"; path = "Pods/Target Support Files/Pods-TimeTableProject/Pods-TimeTableProject.release.xcconfig"; sourceTree = "<group>"; };
		977B8237628C039908CC0ACD /* Pods_TimeTableProject.framework */ = {isa = PBXFileReference; explicitFileType = wrapper.framework; includeInIndex = 0; path = Pods_TimeTableProject.framework; sourceTree = BUILT_PRODUCTS_DIR; };
		AF0EB75F220ABDC500DFAFC0 /* TimeTableProject.app */ = {isa = PBXFileReference; explicitFileType = wrapper.application; includeInIndex = 0; path = TimeTableProject.app; sourceTree = BUILT_PRODUCTS_DIR; };
		AF0EB762220ABDC500DFAFC0 /* AppDelegate.swift */ = {isa = PBXFileReference; lastKnownFileType = sourcecode.swift; path = AppDelegate.swift; sourceTree = "<group>"; };
		AF0EB764220ABDC500DFAFC0 /* TimeTableViewController.swift */ = {isa = PBXFileReference; lastKnownFileType = sourcecode.swift; path = TimeTableViewController.swift; sourceTree = "<group>"; };
		AF0EB767220ABDC500DFAFC0 /* Base */ = {isa = PBXFileReference; lastKnownFileType = file.storyboard; name = Base; path = Base.lproj/Main.storyboard; sourceTree = "<group>"; };
		AF0EB76A220ABDC500DFAFC0 /* TimeTableProject.xcdatamodel */ = {isa = PBXFileReference; lastKnownFileType = wrapper.xcdatamodel; path = TimeTableProject.xcdatamodel; sourceTree = "<group>"; };
		AF0EB76C220ABDC600DFAFC0 /* Assets.xcassets */ = {isa = PBXFileReference; lastKnownFileType = folder.assetcatalog; path = Assets.xcassets; sourceTree = "<group>"; };
		AF0EB76F220ABDC600DFAFC0 /* Base */ = {isa = PBXFileReference; lastKnownFileType = file.storyboard; name = Base; path = Base.lproj/LaunchScreen.storyboard; sourceTree = "<group>"; };
		AF0EB771220ABDC600DFAFC0 /* Info.plist */ = {isa = PBXFileReference; lastKnownFileType = text.plist.xml; path = Info.plist; sourceTree = "<group>"; };
		DD1EB5CD8B695CA43B37C521 /* Pods-TimeTableProject.release.xcconfig */ = {isa = PBXFileReference; includeInIndex = 1; lastKnownFileType = text.xcconfig; name = "Pods-TimeTableProject.release.xcconfig"; path = "Target Support Files/Pods-TimeTableProject/Pods-TimeTableProject.release.xcconfig"; sourceTree = "<group>"; };
/* End PBXFileReference section */

/* Begin PBXFrameworksBuildPhase section */
		AF0EB75C220ABDC500DFAFC0 /* Frameworks */ = {
			isa = PBXFrameworksBuildPhase;
			buildActionMask = 2147483647;
			files = (
				3E24D582F42F8CFE874F3431 /* Pods_TimeTableProject.framework in Frameworks */,
			);
			runOnlyForDeploymentPostprocessing = 0;
		};
/* End PBXFrameworksBuildPhase section */

/* Begin PBXGroup section */
		22A60704614610B69C9543DA /* Frameworks */ = {
			isa = PBXGroup;
			children = (
				977B8237628C039908CC0ACD /* Pods_TimeTableProject.framework */,
			);
			name = Frameworks;
			sourceTree = "<group>";
		};
		55D2E440A6D2F7EA5E070DEA /* Pods */ = {
			isa = PBXGroup;
			children = (
				3599A1067F224CA440B432FE /* Pods-TimeTableProject.debug.xcconfig */,
				765A43C3F8AF8CD57807691B /* Pods-TimeTableProject.release.xcconfig */,
			);
			name = Pods;
			sourceTree = "<group>";
		};
		AF0EB756220ABDC500DFAFC0 = {
			isa = PBXGroup;
			children = (
				AF0EB761220ABDC500DFAFC0 /* TimeTableProject */,
				AF0EB760220ABDC500DFAFC0 /* Products */,
				55D2E440A6D2F7EA5E070DEA /* Pods */,
				22A60704614610B69C9543DA /* Frameworks */,
			);
			sourceTree = "<group>";
		};
		AF0EB760220ABDC500DFAFC0 /* Products */ = {
			isa = PBXGroup;
			children = (
				AF0EB75F220ABDC500DFAFC0 /* TimeTableProject.app */,
			);
			name = Products;
			sourceTree = "<group>";
		};
		AF0EB761220ABDC500DFAFC0 /* TimeTableProject */ = {
			isa = PBXGroup;
			children = (
				AF0EB762220ABDC500DFAFC0 /* AppDelegate.swift */,
				AF0EB764220ABDC500DFAFC0 /* TimeTableViewController.swift */,
				AF0EB766220ABDC500DFAFC0 /* Main.storyboard */,
				AF0EB76C220ABDC600DFAFC0 /* Assets.xcassets */,
				AF0EB76E220ABDC600DFAFC0 /* LaunchScreen.storyboard */,
				AF0EB771220ABDC600DFAFC0 /* Info.plist */,
				AF0EB769220ABDC500DFAFC0 /* TimeTableProject.xcdatamodeld */,
			);
			path = TimeTableProject;
			sourceTree = "<group>";
		};
		B4B856177BBF08C9DE6AAE13 /* Frameworks */ = {
			isa = PBXGroup;
			children = (
				AA7DC1A974D5CAB277D66BC1 /* Pods_TimeTableProject.framework */,
			);
			name = Frameworks;
			sourceTree = "<group>";
		};
/* End PBXGroup section */

/* Begin PBXNativeTarget section */
		AF0EB75E220ABDC500DFAFC0 /* TimeTableProject */ = {
			isa = PBXNativeTarget;
			buildConfigurationList = AF0EB774220ABDC600DFAFC0 /* Build configuration list for PBXNativeTarget "TimeTableProject" */;
			buildPhases = (
				09DCCE56B9102623E3353A66 /* [CP] Check Pods Manifest.lock */,
				AF0EB75B220ABDC500DFAFC0 /* Sources */,
				AF0EB75C220ABDC500DFAFC0 /* Frameworks */,
				AF0EB75D220ABDC500DFAFC0 /* Resources */,
				C579E23EB908D43012058AD7 /* [CP] Embed Pods Frameworks */,
			);
			buildRules = (
			);
			dependencies = (
			);
			name = TimeTableProject;
			productName = TimeTableProject;
			productReference = AF0EB75F220ABDC500DFAFC0 /* TimeTableProject.app */;
			productType = "com.apple.product-type.application";
		};
/* End PBXNativeTarget section */

/* Begin PBXProject section */
		AF0EB757220ABDC500DFAFC0 /* Project object */ = {
			isa = PBXProject;
			attributes = {
				LastSwiftUpdateCheck = 1010;
				LastUpgradeCheck = 1010;
				ORGANIZATIONNAME = "Bernard Hur";
				TargetAttributes = {
					AF0EB75E220ABDC500DFAFC0 = {
						CreatedOnToolsVersion = 10.1;
					};
				};
			};
			buildConfigurationList = AF0EB75A220ABDC500DFAFC0 /* Build configuration list for PBXProject "TimeTableProject" */;
			compatibilityVersion = "Xcode 9.3";
			developmentRegion = en;
			hasScannedForEncodings = 0;
			knownRegions = (
				en,
				Base,
			);
			mainGroup = AF0EB756220ABDC500DFAFC0;
			productRefGroup = AF0EB760220ABDC500DFAFC0 /* Products */;
			projectDirPath = "";
			projectRoot = "";
			targets = (
				AF0EB75E220ABDC500DFAFC0 /* TimeTableProject */,
			);
		};
/* End PBXProject section */

/* Begin PBXResourcesBuildPhase section */
		AF0EB75D220ABDC500DFAFC0 /* Resources */ = {
			isa = PBXResourcesBuildPhase;
			buildActionMask = 2147483647;
			files = (
				AF0EB770220ABDC600DFAFC0 /* LaunchScreen.storyboard in Resources */,
				AF0EB76D220ABDC600DFAFC0 /* Assets.xcassets in Resources */,
				AF0EB768220ABDC500DFAFC0 /* Main.storyboard in Resources */,
			);
			runOnlyForDeploymentPostprocessing = 0;
		};
/* End PBXResourcesBuildPhase section */

/* Begin PBXShellScriptBuildPhase section */
		09DCCE56B9102623E3353A66 /* [CP] Check Pods Manifest.lock */ = {
			isa = PBXShellScriptBuildPhase;
			buildActionMask = 2147483647;
			files = (
			);
			inputFileListPaths = (
			);
			inputPaths = (
				"${PODS_PODFILE_DIR_PATH}/Podfile.lock",
				"${PODS_ROOT}/Manifest.lock",
			);
			name = "[CP] Check Pods Manifest.lock";
			outputFileListPaths = (
			);
			outputPaths = (
				"$(DERIVED_FILE_DIR)/Pods-TimeTableProject-checkManifestLockResult.txt",
			);
			runOnlyForDeploymentPostprocessing = 0;
			shellPath = /bin/sh;
			shellScript = "diff \"${PODS_PODFILE_DIR_PATH}/Podfile.lock\" \"${PODS_ROOT}/Manifest.lock\" > /dev/null\nif [ $? != 0 ] ; then\n    # print error to STDERR\n    echo \"error: The sandbox is not in sync with the Podfile.lock. Run 'pod install' or update your CocoaPods installation.\" >&2\n    exit 1\nfi\n# This output is used by Xcode 'outputs' to avoid re-running this script phase.\necho \"SUCCESS\" > \"${SCRIPT_OUTPUT_FILE_0}\"\n";
			showEnvVarsInLog = 0;
		};
		C579E23EB908D43012058AD7 /* [CP] Embed Pods Frameworks */ = {
			isa = PBXShellScriptBuildPhase;
			buildActionMask = 2147483647;
			files = (
			);
			inputFileListPaths = (
			);
			inputPaths = (
				"${SRCROOT}/Pods/Target Support Files/Pods-TimeTableProject/Pods-TimeTableProject-frameworks.sh",
				"${BUILT_PRODUCTS_DIR}/Alamofire/Alamofire.framework",
				"${BUILT_PRODUCTS_DIR}/GoogleUtilities/GoogleUtilities.framework",
				"${BUILT_PRODUCTS_DIR}/Realm/Realm.framework",
				"${BUILT_PRODUCTS_DIR}/RealmSwift/RealmSwift.framework",
				"${BUILT_PRODUCTS_DIR}/RxAtomic/RxAtomic.framework",
				"${BUILT_PRODUCTS_DIR}/RxSwift/RxSwift.framework",
				"${BUILT_PRODUCTS_DIR}/nanopb/nanopb.framework",
			);
			name = "[CP] Embed Pods Frameworks";
			outputFileListPaths = (
			);
			outputPaths = (
				"${TARGET_BUILD_DIR}/${FRAMEWORKS_FOLDER_PATH}/Alamofire.framework",
				"${TARGET_BUILD_DIR}/${FRAMEWORKS_FOLDER_PATH}/GoogleUtilities.framework",
				"${TARGET_BUILD_DIR}/${FRAMEWORKS_FOLDER_PATH}/Realm.framework",
				"${TARGET_BUILD_DIR}/${FRAMEWORKS_FOLDER_PATH}/RealmSwift.framework",
				"${TARGET_BUILD_DIR}/${FRAMEWORKS_FOLDER_PATH}/RxAtomic.framework",
				"${TARGET_BUILD_DIR}/${FRAMEWORKS_FOLDER_PATH}/RxSwift.framework",
				"${TARGET_BUILD_DIR}/${FRAMEWORKS_FOLDER_PATH}/nanopb.framework",
			);
			runOnlyForDeploymentPostprocessing = 0;
			shellPath = /bin/sh;
			shellScript = "\"${SRCROOT}/Pods/Target Support Files/Pods-TimeTableProject/Pods-TimeTableProject-frameworks.sh\"\n";
			showEnvVarsInLog = 0;
		};
/* End PBXShellScriptBuildPhase section */

/* Begin PBXSourcesBuildPhase section */
		AF0EB75B220ABDC500DFAFC0 /* Sources */ = {
			isa = PBXSourcesBuildPhase;
			buildActionMask = 2147483647;
			files = (
				AF0EB76B220ABDC500DFAFC0 /* TimeTableProject.xcdatamodeld in Sources */,
				AF0EB765220ABDC500DFAFC0 /* TimeTableViewController.swift in Sources */,
				AF0EB763220ABDC500DFAFC0 /* AppDelegate.swift in Sources */,
			);
			runOnlyForDeploymentPostprocessing = 0;
		};
/* End PBXSourcesBuildPhase section */

/* Begin PBXVariantGroup section */
		AF0EB766220ABDC500DFAFC0 /* Main.storyboard */ = {
			isa = PBXVariantGroup;
			children = (
				AF0EB767220ABDC500DFAFC0 /* Base */,
			);
			name = Main.storyboard;
			sourceTree = "<group>";
		};
		AF0EB76E220ABDC600DFAFC0 /* LaunchScreen.storyboard */ = {
			isa = PBXVariantGroup;
			children = (
				AF0EB76F220ABDC600DFAFC0 /* Base */,
			);
			name = LaunchScreen.storyboard;
			sourceTree = "<group>";
		};
/* End PBXVariantGroup section */

/* Begin XCBuildConfiguration section */
		AF0EB772220ABDC600DFAFC0 /* Debug */ = {
			isa = XCBuildConfiguration;
			buildSettings = {
				ALWAYS_SEARCH_USER_PATHS = NO;
				CLANG_ANALYZER_NONNULL = YES;
				CLANG_ANALYZER_NUMBER_OBJECT_CONVERSION = YES_AGGRESSIVE;
				CLANG_CXX_LANGUAGE_STANDARD = "gnu++14";
				CLANG_CXX_LIBRARY = "libc++";
				CLANG_ENABLE_MODULES = YES;
				CLANG_ENABLE_OBJC_ARC = YES;
				CLANG_ENABLE_OBJC_WEAK = YES;
				CLANG_WARN_BLOCK_CAPTURE_AUTORELEASING = YES;
				CLANG_WARN_BOOL_CONVERSION = YES;
				CLANG_WARN_COMMA = YES;
				CLANG_WARN_CONSTANT_CONVERSION = YES;
				CLANG_WARN_DEPRECATED_OBJC_IMPLEMENTATIONS = YES;
				CLANG_WARN_DIRECT_OBJC_ISA_USAGE = YES_ERROR;
				CLANG_WARN_DOCUMENTATION_COMMENTS = YES;
				CLANG_WARN_EMPTY_BODY = YES;
				CLANG_WARN_ENUM_CONVERSION = YES;
				CLANG_WARN_INFINITE_RECURSION = YES;
				CLANG_WARN_INT_CONVERSION = YES;
				CLANG_WARN_NON_LITERAL_NULL_CONVERSION = YES;
				CLANG_WARN_OBJC_IMPLICIT_RETAIN_SELF = YES;
				CLANG_WARN_OBJC_LITERAL_CONVERSION = YES;
				CLANG_WARN_OBJC_ROOT_CLASS = YES_ERROR;
				CLANG_WARN_RANGE_LOOP_ANALYSIS = YES;
				CLANG_WARN_STRICT_PROTOTYPES = YES;
				CLANG_WARN_SUSPICIOUS_MOVE = YES;
				CLANG_WARN_UNGUARDED_AVAILABILITY = YES_AGGRESSIVE;
				CLANG_WARN_UNREACHABLE_CODE = YES;
				CLANG_WARN__DUPLICATE_METHOD_MATCH = YES;
				CODE_SIGN_IDENTITY = "iPhone Developer";
				COPY_PHASE_STRIP = NO;
				DEBUG_INFORMATION_FORMAT = dwarf;
				ENABLE_STRICT_OBJC_MSGSEND = YES;
				ENABLE_TESTABILITY = YES;
				GCC_C_LANGUAGE_STANDARD = gnu11;
				GCC_DYNAMIC_NO_PIC = NO;
				GCC_NO_COMMON_BLOCKS = YES;
				GCC_OPTIMIZATION_LEVEL = 0;
				GCC_PREPROCESSOR_DEFINITIONS = (
					"DEBUG=1",
					"$(inherited)",
				);
				GCC_WARN_64_TO_32_BIT_CONVERSION = YES;
				GCC_WARN_ABOUT_RETURN_TYPE = YES_ERROR;
				GCC_WARN_UNDECLARED_SELECTOR = YES;
				GCC_WARN_UNINITIALIZED_AUTOS = YES_AGGRESSIVE;
				GCC_WARN_UNUSED_FUNCTION = YES;
				GCC_WARN_UNUSED_VARIABLE = YES;
				IPHONEOS_DEPLOYMENT_TARGET = 11.0;
				MTL_ENABLE_DEBUG_INFO = INCLUDE_SOURCE;
				MTL_FAST_MATH = YES;
				ONLY_ACTIVE_ARCH = YES;
				SDKROOT = iphoneos;
				SWIFT_ACTIVE_COMPILATION_CONDITIONS = DEBUG;
				SWIFT_OPTIMIZATION_LEVEL = "-Onone";
			};
			name = Debug;
		};
		AF0EB773220ABDC600DFAFC0 /* Release */ = {
			isa = XCBuildConfiguration;
			buildSettings = {
				ALWAYS_SEARCH_USER_PATHS = NO;
				CLANG_ANALYZER_NONNULL = YES;
				CLANG_ANALYZER_NUMBER_OBJECT_CONVERSION = YES_AGGRESSIVE;
				CLANG_CXX_LANGUAGE_STANDARD = "gnu++14";
				CLANG_CXX_LIBRARY = "libc++";
				CLANG_ENABLE_MODULES = YES;
				CLANG_ENABLE_OBJC_ARC = YES;
				CLANG_ENABLE_OBJC_WEAK = YES;
				CLANG_WARN_BLOCK_CAPTURE_AUTORELEASING = YES;
				CLANG_WARN_BOOL_CONVERSION = YES;
				CLANG_WARN_COMMA = YES;
				CLANG_WARN_CONSTANT_CONVERSION = YES;
				CLANG_WARN_DEPRECATED_OBJC_IMPLEMENTATIONS = YES;
				CLANG_WARN_DIRECT_OBJC_ISA_USAGE = YES_ERROR;
				CLANG_WARN_DOCUMENTATION_COMMENTS = YES;
				CLANG_WARN_EMPTY_BODY = YES;
				CLANG_WARN_ENUM_CONVERSION = YES;
				CLANG_WARN_INFINITE_RECURSION = YES;
				CLANG_WARN_INT_CONVERSION = YES;
				CLANG_WARN_NON_LITERAL_NULL_CONVERSION = YES;
				CLANG_WARN_OBJC_IMPLICIT_RETAIN_SELF = YES;
				CLANG_WARN_OBJC_LITERAL_CONVERSION = YES;
				CLANG_WARN_OBJC_ROOT_CLASS = YES_ERROR;
				CLANG_WARN_RANGE_LOOP_ANALYSIS = YES;
				CLANG_WARN_STRICT_PROTOTYPES = YES;
				CLANG_WARN_SUSPICIOUS_MOVE = YES;
				CLANG_WARN_UNGUARDED_AVAILABILITY = YES_AGGRESSIVE;
				CLANG_WARN_UNREACHABLE_CODE = YES;
				CLANG_WARN__DUPLICATE_METHOD_MATCH = YES;
				CODE_SIGN_IDENTITY = "iPhone Developer";
				COPY_PHASE_STRIP = NO;
				DEBUG_INFORMATION_FORMAT = "dwarf-with-dsym";
				ENABLE_NS_ASSERTIONS = NO;
				ENABLE_STRICT_OBJC_MSGSEND = YES;
				GCC_C_LANGUAGE_STANDARD = gnu11;
				GCC_NO_COMMON_BLOCKS = YES;
				GCC_WARN_64_TO_32_BIT_CONVERSION = YES;
				GCC_WARN_ABOUT_RETURN_TYPE = YES_ERROR;
				GCC_WARN_UNDECLARED_SELECTOR = YES;
				GCC_WARN_UNINITIALIZED_AUTOS = YES_AGGRESSIVE;
				GCC_WARN_UNUSED_FUNCTION = YES;
				GCC_WARN_UNUSED_VARIABLE = YES;
				IPHONEOS_DEPLOYMENT_TARGET = 11.0;
				MTL_ENABLE_DEBUG_INFO = NO;
				MTL_FAST_MATH = YES;
				SDKROOT = iphoneos;
				SWIFT_COMPILATION_MODE = wholemodule;
				SWIFT_OPTIMIZATION_LEVEL = "-O";
				VALIDATE_PRODUCT = YES;
			};
			name = Release;
		};
		AF0EB775220ABDC600DFAFC0 /* Debug */ = {
			isa = XCBuildConfiguration;
			baseConfigurationReference = 3599A1067F224CA440B432FE /* Pods-TimeTableProject.debug.xcconfig */;
			buildSettings = {
				ASSETCATALOG_COMPILER_APPICON_NAME = AppIcon;
				CODE_SIGN_STYLE = Manual;
				DEVELOPMENT_TEAM = "";
				INFOPLIST_FILE = TimeTableProject/Info.plist;
				LD_RUNPATH_SEARCH_PATHS = (
					"$(inherited)",
					"@executable_path/Frameworks",
				);
				PRODUCT_BUNDLE_IDENTIFIER = kr.BKandJS.TimeTableProject;
				PRODUCT_NAME = "$(TARGET_NAME)";
				PROVISIONING_PROFILE_SPECIFIER = "";
				SWIFT_VERSION = 4.2;
				TARGETED_DEVICE_FAMILY = "1,2";
			};
			name = Debug;
		};
		AF0EB776220ABDC600DFAFC0 /* Release */ = {
			isa = XCBuildConfiguration;
			baseConfigurationReference = 765A43C3F8AF8CD57807691B /* Pods-TimeTableProject.release.xcconfig */;
			buildSettings = {
				ASSETCATALOG_COMPILER_APPICON_NAME = AppIcon;
				CODE_SIGN_STYLE = Manual;
				DEVELOPMENT_TEAM = "";
				INFOPLIST_FILE = TimeTableProject/Info.plist;
				LD_RUNPATH_SEARCH_PATHS = (
					"$(inherited)",
					"@executable_path/Frameworks",
				);
				PRODUCT_BUNDLE_IDENTIFIER = kr.BKandJS.TimeTableProject;
				PRODUCT_NAME = "$(TARGET_NAME)";
				PROVISIONING_PROFILE_SPECIFIER = "";
				SWIFT_VERSION = 4.2;
				TARGETED_DEVICE_FAMILY = "1,2";
			};
			name = Release;
		};
/* End XCBuildConfiguration section */

/* Begin XCConfigurationList section */
		AF0EB75A220ABDC500DFAFC0 /* Build configuration list for PBXProject "TimeTableProject" */ = {
			isa = XCConfigurationList;
			buildConfigurations = (
				AF0EB772220ABDC600DFAFC0 /* Debug */,
				AF0EB773220ABDC600DFAFC0 /* Release */,
			);
			defaultConfigurationIsVisible = 0;
			defaultConfigurationName = Release;
		};
		AF0EB774220ABDC600DFAFC0 /* Build configuration list for PBXNativeTarget "TimeTableProject" */ = {
			isa = XCConfigurationList;
			buildConfigurations = (
				AF0EB775220ABDC600DFAFC0 /* Debug */,
				AF0EB776220ABDC600DFAFC0 /* Release */,
			);
			defaultConfigurationIsVisible = 0;
			defaultConfigurationName = Release;
		};
/* End XCConfigurationList section */

/* Begin XCVersionGroup section */
		AF0EB769220ABDC500DFAFC0 /* TimeTableProject.xcdatamodeld */ = {
			isa = XCVersionGroup;
			children = (
				AF0EB76A220ABDC500DFAFC0 /* TimeTableProject.xcdatamodel */,
			);
			currentVersion = AF0EB76A220ABDC500DFAFC0 /* TimeTableProject.xcdatamodel */;
			path = TimeTableProject.xcdatamodeld;
			sourceTree = "<group>";
			versionGroupType = wrapper.xcdatamodel;
		};
/* End XCVersionGroup section */
	};
	rootObject = AF0EB757220ABDC500DFAFC0 /* Project object */;
}
